{
  "name": "main",
  "version": "1.0.0",
  "lockfileVersion": 1,
  "requires": true,
  "dependencies": {
    "async-validator": {
      "version": "3.4.0",
      "resolved": "https://registry.npm.taobao.org/async-validator/download/async-validator-3.4.0.tgz?cache=0&sync_timestamp=1596623572478&other_urls=https%3A%2F%2Fregistry.npm.taobao.org%2Fasync-validator%2Fdownload%2Fasync-validator-3.4.0.tgz",
      "integrity": "sha1-hxs+WUEkv0xOt7zRqeeLRPOwnK4="
    },
    "require-directory": {
      "version": "2.1.1",
      "resolved": "https://registry.npm.taobao.org/require-directory/download/require-directory-2.1.1.tgz",
      "integrity": "sha1-jGStX9MNqxyXbiNE/+f3kqam30I="
    },
    "tcb-router": {
      "version": "1.1.2",
      "resolved": "https://registry.npm.taobao.org/tcb-router/download/tcb-router-1.1.2.tgz",
      "integrity": "sha1-flqhhnrwj65RrAOd74+9A3JPcqI="
    },
    "uni-id": {
      "version": "file:../common/uni-id"
    }
  }
}
